
Microsoft Visual Studio Solution File, Format Version 12.00
# Visual Studio Version 16
VisualStudioVersion = 16.0.29613.14
MinimumVisualStudioVersion = 10.0.40219.1
Project("{FAE04EC0-301F-11D3-BF4B-00C04F79EFBC}") = "HDT_B2", "HDT_B2.csproj", "{08EB35D5-7DD4-4831-8E14-A835D6602E6C}"
EndProject
Global
	GlobalSection(SolutionConfigurationPlatforms) = preSolution
		Debug|Any CPU = Debug|Any CPU
		Release|Any CPU = Release|Any CPU
	EndGlobalSection
	GlobalSection(ProjectConfigurationPlatforms) = postSolution
		{08EB35D5-7DD4-4831-8E14-A835D6602E6C}.Debug|Any CPU.ActiveCfg = Debug|Any CPU
		{08EB35D5-7DD4-4831-8E14-A835D6602E6C}.Debug|Any CPU.Build.0 = Debug|Any CPU
		{08EB35D5-7DD4-4831-8E14-A835D6602E6C}.Release|Any CPU.ActiveCfg = Release|Any CPU
		{08EB35D5-7DD4-4831-8E14-A835D6602E6C}.Release|Any CPU.Build.0 = Release|Any CPU
	EndGlobalSection
	GlobalSection(SolutionProperties) = preSolution
		HideSolutionNode = FALSE
	EndGlobalSection
	GlobalSection(ExtensibilityGlobals) = postSolution
		SolutionGuid = {F282DCE7-DA5B-46A9-BFCF-CEF16AC1433A}
	EndGlobalSection
EndGlobal
