
Microsoft Visual Studio Solution File, Format Version 12.00
# Visual Studio Version 16
VisualStudioVersion = 16.0.29613.14
MinimumVisualStudioVersion = 10.0.40219.1
Project("{FAE04EC0-301F-11D3-BF4B-00C04F79EFBC}") = "t1", "t1.csproj", "{8B57A8C9-F755-4E1A-9B23-C4479E991103}"
EndProject
Global
	GlobalSection(SolutionConfigurationPlatforms) = preSolution
		Debug|Any CPU = Debug|Any CPU
		Release|Any CPU = Release|Any CPU
	EndGlobalSection
	GlobalSection(ProjectConfigurationPlatforms) = postSolution
		{8B57A8C9-F755-4E1A-9B23-C4479E991103}.Debug|Any CPU.ActiveCfg = Debug|Any CPU
		{8B57A8C9-F755-4E1A-9B23-C4479E991103}.Debug|Any CPU.Build.0 = Debug|Any CPU
		{8B57A8C9-F755-4E1A-9B23-C4479E991103}.Release|Any CPU.ActiveCfg = Release|Any CPU
		{8B57A8C9-F755-4E1A-9B23-C4479E991103}.Release|Any CPU.Build.0 = Release|Any CPU
	EndGlobalSection
	GlobalSection(SolutionProperties) = preSolution
		HideSolutionNode = FALSE
	EndGlobalSection
	GlobalSection(ExtensibilityGlobals) = postSolution
		SolutionGuid = {4973E8C1-0E02-4AD7-8B15-45192E6B36F5}
	EndGlobalSection
EndGlobal
