
Microsoft Visual Studio Solution File, Format Version 12.00
# Visual Studio 14
VisualStudioVersion = 14.0.25420.1
MinimumVisualStudioVersion = 10.0.40219.1
Project("{FAE04EC0-301F-11D3-BF4B-00C04F79EFBC}") = "Bai01", "Bai01\Bai01.csproj", "{40B24EBA-9D19-4465-B196-6DA5A055ECE7}"
EndProject
Project("{FAE04EC0-301F-11D3-BF4B-00C04F79EFBC}") = "Bai02", "Bai02\Bai02.csproj", "{F7BD771E-89FA-498C-9508-2CB496000DAA}"
EndProject
Project("{FAE04EC0-301F-11D3-BF4B-00C04F79EFBC}") = "Bai03", "Bai03\Bai03.csproj", "{04B7E0C7-217E-40FA-997E-5B422A05F138}"
EndProject
Project("{FAE04EC0-301F-11D3-BF4B-00C04F79EFBC}") = "Bai06", "Bai06\Bai06.csproj", "{E708CE32-B0C2-498F-8648-1A1ABD4089C8}"
EndProject
Project("{FAE04EC0-301F-11D3-BF4B-00C04F79EFBC}") = "Bai05", "Bai05\Bai05.csproj", "{F7F0D229-A632-4DD8-B83C-F752B76EAD3C}"
EndProject
Project("{FAE04EC0-301F-11D3-BF4B-00C04F79EFBC}") = "Bai08", "Bai08\Bai08.csproj", "{2AA8AC1F-A44A-4A82-AFEB-B351DE69DAED}"
EndProject
Project("{FAE04EC0-301F-11D3-BF4B-00C04F79EFBC}") = "Bai20", "Bai20\Bai20.csproj", "{FA554008-B29F-44AD-9C4F-0C4F656F910C}"
EndProject
Project("{FAE04EC0-301F-11D3-BF4B-00C04F79EFBC}") = "Bai23", "Bai23\Bai23.csproj", "{BFF45B67-4B45-4571-8B2A-9869564A3F14}"
EndProject
Global
	GlobalSection(SolutionConfigurationPlatforms) = preSolution
		Debug|Any CPU = Debug|Any CPU
		Release|Any CPU = Release|Any CPU
	EndGlobalSection
	GlobalSection(ProjectConfigurationPlatforms) = postSolution
		{40B24EBA-9D19-4465-B196-6DA5A055ECE7}.Debug|Any CPU.ActiveCfg = Debug|Any CPU
		{40B24EBA-9D19-4465-B196-6DA5A055ECE7}.Debug|Any CPU.Build.0 = Debug|Any CPU
		{40B24EBA-9D19-4465-B196-6DA5A055ECE7}.Release|Any CPU.ActiveCfg = Release|Any CPU
		{40B24EBA-9D19-4465-B196-6DA5A055ECE7}.Release|Any CPU.Build.0 = Release|Any CPU
		{F7BD771E-89FA-498C-9508-2CB496000DAA}.Debug|Any CPU.ActiveCfg = Debug|Any CPU
		{F7BD771E-89FA-498C-9508-2CB496000DAA}.Debug|Any CPU.Build.0 = Debug|Any CPU
		{F7BD771E-89FA-498C-9508-2CB496000DAA}.Release|Any CPU.ActiveCfg = Release|Any CPU
		{F7BD771E-89FA-498C-9508-2CB496000DAA}.Release|Any CPU.Build.0 = Release|Any CPU
		{04B7E0C7-217E-40FA-997E-5B422A05F138}.Debug|Any CPU.ActiveCfg = Debug|Any CPU
		{04B7E0C7-217E-40FA-997E-5B422A05F138}.Debug|Any CPU.Build.0 = Debug|Any CPU
		{04B7E0C7-217E-40FA-997E-5B422A05F138}.Release|Any CPU.ActiveCfg = Release|Any CPU
		{04B7E0C7-217E-40FA-997E-5B422A05F138}.Release|Any CPU.Build.0 = Release|Any CPU
		{E708CE32-B0C2-498F-8648-1A1ABD4089C8}.Debug|Any CPU.ActiveCfg = Debug|Any CPU
		{E708CE32-B0C2-498F-8648-1A1ABD4089C8}.Debug|Any CPU.Build.0 = Debug|Any CPU
		{E708CE32-B0C2-498F-8648-1A1ABD4089C8}.Release|Any CPU.ActiveCfg = Release|Any CPU
		{E708CE32-B0C2-498F-8648-1A1ABD4089C8}.Release|Any CPU.Build.0 = Release|Any CPU
		{F7F0D229-A632-4DD8-B83C-F752B76EAD3C}.Debug|Any CPU.ActiveCfg = Debug|Any CPU
		{F7F0D229-A632-4DD8-B83C-F752B76EAD3C}.Debug|Any CPU.Build.0 = Debug|Any CPU
		{F7F0D229-A632-4DD8-B83C-F752B76EAD3C}.Release|Any CPU.ActiveCfg = Release|Any CPU
		{F7F0D229-A632-4DD8-B83C-F752B76EAD3C}.Release|Any CPU.Build.0 = Release|Any CPU
		{2AA8AC1F-A44A-4A82-AFEB-B351DE69DAED}.Debug|Any CPU.ActiveCfg = Debug|Any CPU
		{2AA8AC1F-A44A-4A82-AFEB-B351DE69DAED}.Debug|Any CPU.Build.0 = Debug|Any CPU
		{2AA8AC1F-A44A-4A82-AFEB-B351DE69DAED}.Release|Any CPU.ActiveCfg = Release|Any CPU
		{2AA8AC1F-A44A-4A82-AFEB-B351DE69DAED}.Release|Any CPU.Build.0 = Release|Any CPU
		{FA554008-B29F-44AD-9C4F-0C4F656F910C}.Debug|Any CPU.ActiveCfg = Debug|Any CPU
		{FA554008-B29F-44AD-9C4F-0C4F656F910C}.Debug|Any CPU.Build.0 = Debug|Any CPU
		{FA554008-B29F-44AD-9C4F-0C4F656F910C}.Release|Any CPU.ActiveCfg = Release|Any CPU
		{FA554008-B29F-44AD-9C4F-0C4F656F910C}.Release|Any CPU.Build.0 = Release|Any CPU
		{BFF45B67-4B45-4571-8B2A-9869564A3F14}.Debug|Any CPU.ActiveCfg = Debug|Any CPU
		{BFF45B67-4B45-4571-8B2A-9869564A3F14}.Debug|Any CPU.Build.0 = Debug|Any CPU
		{BFF45B67-4B45-4571-8B2A-9869564A3F14}.Release|Any CPU.ActiveCfg = Release|Any CPU
		{BFF45B67-4B45-4571-8B2A-9869564A3F14}.Release|Any CPU.Build.0 = Release|Any CPU
	EndGlobalSection
	GlobalSection(SolutionProperties) = preSolution
		HideSolutionNode = FALSE
	EndGlobalSection
EndGlobal
